[root]
name = "rust-tinywm"
version = "0.0.1"
dependencies = [
 "xlib 0.1.0 (git+https://github.com/acmiyaguchi/rust-xlib.git?ref=remove_std_0.12_nightly#ee324682f505ab4f0e526deea247f8b3bbca069c)",
]

[[package]]
name = "xlib"
version = "0.1.0"
source = "git+https://github.com/acmiyaguchi/rust-xlib.git?ref=remove_std_0.12_nightly#ee324682f505ab4f0e526deea247f8b3bbca069c"

